
Microsoft Visual Studio Solution File, Format Version 12.00
# Visual Studio Version 17
VisualStudioVersion = 17.3.32819.101
MinimumVisualStudioVersion = 10.0.40219.1
Project("{9A19103F-16F7-4668-BE54-9A1E7A4F7556}") = "61.App.Modules.DevLearn.Shared", "App.Modules.DevLearn.Shared\61.App.Modules.DevLearn.Shared.csproj", "{986BAE1D-2E09-4ECB-9A9D-EFF68C359E05}"
EndProject
Project("{9A19103F-16F7-4668-BE54-9A1E7A4F7556}") = "41.App.Modules.DevLearn.Domain", "App.Modules.DevLearn.Domain\41.App.Modules.DevLearn.Domain.csproj", "{38845DA9-7E60-4E70-AF8D-610F705748BF}"
EndProject
Project("{9A19103F-16F7-4668-BE54-9A1E7A4F7556}") = "51.App.Modules.DevLearn.Infrastructure", "App.Modules.DevLearn.Infrastructure\51.App.Modules.DevLearn.Infrastructure.csproj", "{7C6CC756-3D63-4A08-BC98-FE6920B3D108}"
EndProject
Project("{9A19103F-16F7-4668-BE54-9A1E7A4F7556}") = "52.App.Modules.DevLearn.Infrastructure.Data.Storage.Db.EF", "App.Modules.DevLearn.Infrastructure.Data.Storage.Db.EF\52.App.Modules.DevLearn.Infrastructure.Data.Storage.Db.EF.csproj", "{E24C7DBD-1BA8-4C1A-8B5E-2EFEC4411E00}"
EndProject
Project("{9A19103F-16F7-4668-BE54-9A1E7A4F7556}") = "31.App.Modules.DevLearn.Application", "App.Modules.DevLearn.Application\31.App.Modules.DevLearn.Application.csproj", "{4A6DBC46-B379-4636-B04B-DB951951C1E7}"
EndProject
Project("{9A19103F-16F7-4668-BE54-9A1E7A4F7556}") = "21.App.Modules.DevLearn.Presentation.Web", "App.Modules.DevLearn.Presentation.Web\21.App.Modules.DevLearn.Presentation.Web.csproj", "{AB058B82-1E16-4646-ADF3-C1913ADF12F3}"
EndProject
Project("{2150E333-8FDC-42A3-9474-1A3956D46DE8}") = "ENVIRONMENT", "ENVIRONMENT", "{40294799-AA5C-407F-95F6-243DA9F3F69E}"
	ProjectSection(SolutionItems) = preProject
		..\.gitignore = ..\.gitignore
	EndProjectSection
EndProject
Project("{2150E333-8FDC-42A3-9474-1A3956D46DE8}") = "SOURCE", "SOURCE", "{546130B2-7904-4803-8117-7050A9DC61CF}"
EndProject
Global
	GlobalSection(SolutionConfigurationPlatforms) = preSolution
		Debug|Any CPU = Debug|Any CPU
		Release|Any CPU = Release|Any CPU
	EndGlobalSection
	GlobalSection(ProjectConfigurationPlatforms) = postSolution
		{986BAE1D-2E09-4ECB-9A9D-EFF68C359E05}.Debug|Any CPU.ActiveCfg = Debug|Any CPU
		{986BAE1D-2E09-4ECB-9A9D-EFF68C359E05}.Debug|Any CPU.Build.0 = Debug|Any CPU
		{986BAE1D-2E09-4ECB-9A9D-EFF68C359E05}.Release|Any CPU.ActiveCfg = Release|Any CPU
		{986BAE1D-2E09-4ECB-9A9D-EFF68C359E05}.Release|Any CPU.Build.0 = Release|Any CPU
		{38845DA9-7E60-4E70-AF8D-610F705748BF}.Debug|Any CPU.ActiveCfg = Debug|Any CPU
		{38845DA9-7E60-4E70-AF8D-610F705748BF}.Debug|Any CPU.Build.0 = Debug|Any CPU
		{38845DA9-7E60-4E70-AF8D-610F705748BF}.Release|Any CPU.ActiveCfg = Release|Any CPU
		{38845DA9-7E60-4E70-AF8D-610F705748BF}.Release|Any CPU.Build.0 = Release|Any CPU
		{7C6CC756-3D63-4A08-BC98-FE6920B3D108}.Debug|Any CPU.ActiveCfg = Debug|Any CPU
		{7C6CC756-3D63-4A08-BC98-FE6920B3D108}.Debug|Any CPU.Build.0 = Debug|Any CPU
		{7C6CC756-3D63-4A08-BC98-FE6920B3D108}.Release|Any CPU.ActiveCfg = Release|Any CPU
		{7C6CC756-3D63-4A08-BC98-FE6920B3D108}.Release|Any CPU.Build.0 = Release|Any CPU
		{E24C7DBD-1BA8-4C1A-8B5E-2EFEC4411E00}.Debug|Any CPU.ActiveCfg = Debug|Any CPU
		{E24C7DBD-1BA8-4C1A-8B5E-2EFEC4411E00}.Debug|Any CPU.Build.0 = Debug|Any CPU
		{E24C7DBD-1BA8-4C1A-8B5E-2EFEC4411E00}.Release|Any CPU.ActiveCfg = Release|Any CPU
		{E24C7DBD-1BA8-4C1A-8B5E-2EFEC4411E00}.Release|Any CPU.Build.0 = Release|Any CPU
		{4A6DBC46-B379-4636-B04B-DB951951C1E7}.Debug|Any CPU.ActiveCfg = Debug|Any CPU
		{4A6DBC46-B379-4636-B04B-DB951951C1E7}.Debug|Any CPU.Build.0 = Debug|Any CPU
		{4A6DBC46-B379-4636-B04B-DB951951C1E7}.Release|Any CPU.ActiveCfg = Release|Any CPU
		{4A6DBC46-B379-4636-B04B-DB951951C1E7}.Release|Any CPU.Build.0 = Release|Any CPU
		{AB058B82-1E16-4646-ADF3-C1913ADF12F3}.Debug|Any CPU.ActiveCfg = Debug|Any CPU
		{AB058B82-1E16-4646-ADF3-C1913ADF12F3}.Debug|Any CPU.Build.0 = Debug|Any CPU
		{AB058B82-1E16-4646-ADF3-C1913ADF12F3}.Release|Any CPU.ActiveCfg = Release|Any CPU
		{AB058B82-1E16-4646-ADF3-C1913ADF12F3}.Release|Any CPU.Build.0 = Release|Any CPU
	EndGlobalSection
	GlobalSection(SolutionProperties) = preSolution
		HideSolutionNode = FALSE
	EndGlobalSection
	GlobalSection(NestedProjects) = preSolution
		{986BAE1D-2E09-4ECB-9A9D-EFF68C359E05} = {546130B2-7904-4803-8117-7050A9DC61CF}
		{38845DA9-7E60-4E70-AF8D-610F705748BF} = {546130B2-7904-4803-8117-7050A9DC61CF}
		{7C6CC756-3D63-4A08-BC98-FE6920B3D108} = {546130B2-7904-4803-8117-7050A9DC61CF}
		{E24C7DBD-1BA8-4C1A-8B5E-2EFEC4411E00} = {546130B2-7904-4803-8117-7050A9DC61CF}
		{4A6DBC46-B379-4636-B04B-DB951951C1E7} = {546130B2-7904-4803-8117-7050A9DC61CF}
		{AB058B82-1E16-4646-ADF3-C1913ADF12F3} = {546130B2-7904-4803-8117-7050A9DC61CF}
	EndGlobalSection
	GlobalSection(ExtensibilityGlobals) = postSolution
		SolutionGuid = {AFCFD9F5-6584-4430-AB24-4C25DB597FDD}
	EndGlobalSection
EndGlobal
